
Microsoft Visual Studio Solution File, Format Version 12.00
# Visual Studio Version 16
VisualStudioVersion = 16.0.31515.178
MinimumVisualStudioVersion = 10.0.40219.1
Project("{FAE04EC0-301F-11D3-BF4B-00C04F79EFBC}") = "M2UApp.UWP", "M2UApp\M2UApp.UWP\M2UApp.UWP.csproj", "{0979B525-E62A-4FD9-9C5D-49C03F47CB4E}"
EndProject
Project("{FAE04EC0-301F-11D3-BF4B-00C04F79EFBC}") = "M2UApp.Android", "M2UApp\M2UApp.Android\M2UApp.Android.csproj", "{04EC08CE-5AB0-4D31-9CE5-CF6ADB25D75C}"
EndProject
Project("{FAE04EC0-301F-11D3-BF4B-00C04F79EFBC}") = "M2UApp.iOS", "M2UApp\M2UApp.iOS\M2UApp.iOS.csproj", "{B413C7F8-5E9D-4E10-A96C-075A0DD851BB}"
EndProject
Project("{FAE04EC0-301F-11D3-BF4B-00C04F79EFBC}") = "M2UApp", "M2UApp\M2UApp\M2UApp.csproj", "{BFCEEA13-7954-42D0-95FB-99B3AF3EF7DF}"
EndProject
Global
	GlobalSection(SolutionConfigurationPlatforms) = preSolution
		Debug|Any CPU = Debug|Any CPU
		Debug|ARM = Debug|ARM
		Debug|iPhone = Debug|iPhone
		Debug|iPhoneSimulator = Debug|iPhoneSimulator
		Debug|x64 = Debug|x64
		Debug|x86 = Debug|x86
		Release|Any CPU = Release|Any CPU
		Release|ARM = Release|ARM
		Release|iPhone = Release|iPhone
		Release|iPhoneSimulator = Release|iPhoneSimulator
		Release|x64 = Release|x64
		Release|x86 = Release|x86
	EndGlobalSection
	GlobalSection(ProjectConfigurationPlatforms) = postSolution
		{0979B525-E62A-4FD9-9C5D-49C03F47CB4E}.Debug|Any CPU.ActiveCfg = Debug|x86
		{0979B525-E62A-4FD9-9C5D-49C03F47CB4E}.Debug|Any CPU.Build.0 = Debug|x86
		{0979B525-E62A-4FD9-9C5D-49C03F47CB4E}.Debug|Any CPU.Deploy.0 = Debug|x86
		{0979B525-E62A-4FD9-9C5D-49C03F47CB4E}.Debug|ARM.ActiveCfg = Debug|ARM
		{0979B525-E62A-4FD9-9C5D-49C03F47CB4E}.Debug|ARM.Build.0 = Debug|ARM
		{0979B525-E62A-4FD9-9C5D-49C03F47CB4E}.Debug|ARM.Deploy.0 = Debug|ARM
		{0979B525-E62A-4FD9-9C5D-49C03F47CB4E}.Debug|iPhone.ActiveCfg = Debug|x86
		{0979B525-E62A-4FD9-9C5D-49C03F47CB4E}.Debug|iPhone.Build.0 = Debug|x86
		{0979B525-E62A-4FD9-9C5D-49C03F47CB4E}.Debug|iPhone.Deploy.0 = Debug|x86
		{0979B525-E62A-4FD9-9C5D-49C03F47CB4E}.Debug|iPhoneSimulator.ActiveCfg = Debug|x86
		{0979B525-E62A-4FD9-9C5D-49C03F47CB4E}.Debug|iPhoneSimulator.Build.0 = Debug|x86
		{0979B525-E62A-4FD9-9C5D-49C03F47CB4E}.Debug|iPhoneSimulator.Deploy.0 = Debug|x86
		{0979B525-E62A-4FD9-9C5D-49C03F47CB4E}.Debug|x64.ActiveCfg = Debug|x64
		{0979B525-E62A-4FD9-9C5D-49C03F47CB4E}.Debug|x64.Build.0 = Debug|x64
		{0979B525-E62A-4FD9-9C5D-49C03F47CB4E}.Debug|x64.Deploy.0 = Debug|x64
		{0979B525-E62A-4FD9-9C5D-49C03F47CB4E}.Debug|x86.ActiveCfg = Debug|x86
		{0979B525-E62A-4FD9-9C5D-49C03F47CB4E}.Debug|x86.Build.0 = Debug|x86
		{0979B525-E62A-4FD9-9C5D-49C03F47CB4E}.Debug|x86.Deploy.0 = Debug|x86
		{0979B525-E62A-4FD9-9C5D-49C03F47CB4E}.Release|Any CPU.ActiveCfg = Release|x86
		{0979B525-E62A-4FD9-9C5D-49C03F47CB4E}.Release|Any CPU.Build.0 = Release|x86
		{0979B525-E62A-4FD9-9C5D-49C03F47CB4E}.Release|Any CPU.Deploy.0 = Release|x86
		{0979B525-E62A-4FD9-9C5D-49C03F47CB4E}.Release|ARM.ActiveCfg = Release|ARM
		{0979B525-E62A-4FD9-9C5D-49C03F47CB4E}.Release|ARM.Build.0 = Release|ARM
		{0979B525-E62A-4FD9-9C5D-49C03F47CB4E}.Release|ARM.Deploy.0 = Release|ARM
		{0979B525-E62A-4FD9-9C5D-49C03F47CB4E}.Release|iPhone.ActiveCfg = Release|x86
		{0979B525-E62A-4FD9-9C5D-49C03F47CB4E}.Release|iPhone.Build.0 = Release|x86
		{0979B525-E62A-4FD9-9C5D-49C03F47CB4E}.Release|iPhone.Deploy.0 = Release|x86
		{0979B525-E62A-4FD9-9C5D-49C03F47CB4E}.Release|iPhoneSimulator.ActiveCfg = Release|x86
		{0979B525-E62A-4FD9-9C5D-49C03F47CB4E}.Release|iPhoneSimulator.Build.0 = Release|x86
		{0979B525-E62A-4FD9-9C5D-49C03F47CB4E}.Release|iPhoneSimulator.Deploy.0 = Release|x86
		{0979B525-E62A-4FD9-9C5D-49C03F47CB4E}.Release|x64.ActiveCfg = Release|x64
		{0979B525-E62A-4FD9-9C5D-49C03F47CB4E}.Release|x64.Build.0 = Release|x64
		{0979B525-E62A-4FD9-9C5D-49C03F47CB4E}.Release|x64.Deploy.0 = Release|x64
		{0979B525-E62A-4FD9-9C5D-49C03F47CB4E}.Release|x86.ActiveCfg = Release|x86
		{0979B525-E62A-4FD9-9C5D-49C03F47CB4E}.Release|x86.Build.0 = Release|x86
		{0979B525-E62A-4FD9-9C5D-49C03F47CB4E}.Release|x86.Deploy.0 = Release|x86
		{04EC08CE-5AB0-4D31-9CE5-CF6ADB25D75C}.Debug|Any CPU.ActiveCfg = Debug|Any CPU
		{04EC08CE-5AB0-4D31-9CE5-CF6ADB25D75C}.Debug|Any CPU.Build.0 = Debug|Any CPU
		{04EC08CE-5AB0-4D31-9CE5-CF6ADB25D75C}.Debug|Any CPU.Deploy.0 = Debug|Any CPU
		{04EC08CE-5AB0-4D31-9CE5-CF6ADB25D75C}.Debug|ARM.ActiveCfg = Debug|Any CPU
		{04EC08CE-5AB0-4D31-9CE5-CF6ADB25D75C}.Debug|ARM.Build.0 = Debug|Any CPU
		{04EC08CE-5AB0-4D31-9CE5-CF6ADB25D75C}.Debug|ARM.Deploy.0 = Debug|Any CPU
		{04EC08CE-5AB0-4D31-9CE5-CF6ADB25D75C}.Debug|iPhone.ActiveCfg = Debug|Any CPU
		{04EC08CE-5AB0-4D31-9CE5-CF6ADB25D75C}.Debug|iPhone.Build.0 = Debug|Any CPU
		{04EC08CE-5AB0-4D31-9CE5-CF6ADB25D75C}.Debug|iPhone.Deploy.0 = Debug|Any CPU
		{04EC08CE-5AB0-4D31-9CE5-CF6ADB25D75C}.Debug|iPhoneSimulator.ActiveCfg = Debug|Any CPU
		{04EC08CE-5AB0-4D31-9CE5-CF6ADB25D75C}.Debug|iPhoneSimulator.Build.0 = Debug|Any CPU
		{04EC08CE-5AB0-4D31-9CE5-CF6ADB25D75C}.Debug|iPhoneSimulator.Deploy.0 = Debug|Any CPU
		{04EC08CE-5AB0-4D31-9CE5-CF6ADB25D75C}.Debug|x64.ActiveCfg = Debug|Any CPU
		{04EC08CE-5AB0-4D31-9CE5-CF6ADB25D75C}.Debug|x64.Build.0 = Debug|Any CPU
		{04EC08CE-5AB0-4D31-9CE5-CF6ADB25D75C}.Debug|x64.Deploy.0 = Debug|Any CPU
		{04EC08CE-5AB0-4D31-9CE5-CF6ADB25D75C}.Debug|x86.ActiveCfg = Debug|Any CPU
		{04EC08CE-5AB0-4D31-9CE5-CF6ADB25D75C}.Debug|x86.Build.0 = Debug|Any CPU
		{04EC08CE-5AB0-4D31-9CE5-CF6ADB25D75C}.Debug|x86.Deploy.0 = Debug|Any CPU
		{04EC08CE-5AB0-4D31-9CE5-CF6ADB25D75C}.Release|Any CPU.ActiveCfg = Release|Any CPU
		{04EC08CE-5AB0-4D31-9CE5-CF6ADB25D75C}.Release|Any CPU.Build.0 = Release|Any CPU
		{04EC08CE-5AB0-4D31-9CE5-CF6ADB25D75C}.Release|Any CPU.Deploy.0 = Release|Any CPU
		{04EC08CE-5AB0-4D31-9CE5-CF6ADB25D75C}.Release|ARM.ActiveCfg = Release|Any CPU
		{04EC08CE-5AB0-4D31-9CE5-CF6ADB25D75C}.Release|ARM.Build.0 = Release|Any CPU
		{04EC08CE-5AB0-4D31-9CE5-CF6ADB25D75C}.Release|ARM.Deploy.0 = Release|Any CPU
		{04EC08CE-5AB0-4D31-9CE5-CF6ADB25D75C}.Release|iPhone.ActiveCfg = Release|Any CPU
		{04EC08CE-5AB0-4D31-9CE5-CF6ADB25D75C}.Release|iPhone.Build.0 = Release|Any CPU
		{04EC08CE-5AB0-4D31-9CE5-CF6ADB25D75C}.Release|iPhone.Deploy.0 = Release|Any CPU
		{04EC08CE-5AB0-4D31-9CE5-CF6ADB25D75C}.Release|iPhoneSimulator.ActiveCfg = Release|Any CPU
		{04EC08CE-5AB0-4D31-9CE5-CF6ADB25D75C}.Release|iPhoneSimulator.Build.0 = Release|Any CPU
		{04EC08CE-5AB0-4D31-9CE5-CF6ADB25D75C}.Release|iPhoneSimulator.Deploy.0 = Release|Any CPU
		{04EC08CE-5AB0-4D31-9CE5-CF6ADB25D75C}.Release|x64.ActiveCfg = Release|Any CPU
		{04EC08CE-5AB0-4D31-9CE5-CF6ADB25D75C}.Release|x64.Build.0 = Release|Any CPU
		{04EC08CE-5AB0-4D31-9CE5-CF6ADB25D75C}.Release|x64.Deploy.0 = Release|Any CPU
		{04EC08CE-5AB0-4D31-9CE5-CF6ADB25D75C}.Release|x86.ActiveCfg = Release|Any CPU
		{04EC08CE-5AB0-4D31-9CE5-CF6ADB25D75C}.Release|x86.Build.0 = Release|Any CPU
		{04EC08CE-5AB0-4D31-9CE5-CF6ADB25D75C}.Release|x86.Deploy.0 = Release|Any CPU
		{B413C7F8-5E9D-4E10-A96C-075A0DD851BB}.Debug|Any CPU.ActiveCfg = Debug|iPhoneSimulator
		{B413C7F8-5E9D-4E10-A96C-075A0DD851BB}.Debug|Any CPU.Build.0 = Debug|iPhoneSimulator
		{B413C7F8-5E9D-4E10-A96C-075A0DD851BB}.Debug|Any CPU.Deploy.0 = Debug|iPhoneSimulator
		{B413C7F8-5E9D-4E10-A96C-075A0DD851BB}.Debug|ARM.ActiveCfg = Debug|iPhone
		{B413C7F8-5E9D-4E10-A96C-075A0DD851BB}.Debug|ARM.Build.0 = Debug|iPhone
		{B413C7F8-5E9D-4E10-A96C-075A0DD851BB}.Debug|ARM.Deploy.0 = Debug|iPhone
		{B413C7F8-5E9D-4E10-A96C-075A0DD851BB}.Debug|iPhone.ActiveCfg = Debug|iPhone
		{B413C7F8-5E9D-4E10-A96C-075A0DD851BB}.Debug|iPhone.Build.0 = Debug|iPhone
		{B413C7F8-5E9D-4E10-A96C-075A0DD851BB}.Debug|iPhone.Deploy.0 = Debug|iPhone
		{B413C7F8-5E9D-4E10-A96C-075A0DD851BB}.Debug|iPhoneSimulator.ActiveCfg = Debug|iPhoneSimulator
		{B413C7F8-5E9D-4E10-A96C-075A0DD851BB}.Debug|iPhoneSimulator.Build.0 = Debug|iPhoneSimulator
		{B413C7F8-5E9D-4E10-A96C-075A0DD851BB}.Debug|iPhoneSimulator.Deploy.0 = Debug|iPhoneSimulator
		{B413C7F8-5E9D-4E10-A96C-075A0DD851BB}.Debug|x64.ActiveCfg = Debug|iPhoneSimulator
		{B413C7F8-5E9D-4E10-A96C-075A0DD851BB}.Debug|x64.Build.0 = Debug|iPhoneSimulator
		{B413C7F8-5E9D-4E10-A96C-075A0DD851BB}.Debug|x64.Deploy.0 = Debug|iPhoneSimulator
		{B413C7F8-5E9D-4E10-A96C-075A0DD851BB}.Debug|x86.ActiveCfg = Debug|iPhoneSimulator
		{B413C7F8-5E9D-4E10-A96C-075A0DD851BB}.Debug|x86.Build.0 = Debug|iPhoneSimulator
		{B413C7F8-5E9D-4E10-A96C-075A0DD851BB}.Debug|x86.Deploy.0 = Debug|iPhoneSimulator
		{B413C7F8-5E9D-4E10-A96C-075A0DD851BB}.Release|Any CPU.ActiveCfg = Release|iPhoneSimulator
		{B413C7F8-5E9D-4E10-A96C-075A0DD851BB}.Release|Any CPU.Build.0 = Release|iPhoneSimulator
		{B413C7F8-5E9D-4E10-A96C-075A0DD851BB}.Release|Any CPU.Deploy.0 = Release|iPhoneSimulator
		{B413C7F8-5E9D-4E10-A96C-075A0DD851BB}.Release|ARM.ActiveCfg = Release|iPhoneSimulator
		{B413C7F8-5E9D-4E10-A96C-075A0DD851BB}.Release|ARM.Build.0 = Release|iPhoneSimulator
		{B413C7F8-5E9D-4E10-A96C-075A0DD851BB}.Release|ARM.Deploy.0 = Release|iPhoneSimulator
		{B413C7F8-5E9D-4E10-A96C-075A0DD851BB}.Release|iPhone.ActiveCfg = Release|iPhone
		{B413C7F8-5E9D-4E10-A96C-075A0DD851BB}.Release|iPhone.Build.0 = Release|iPhone
		{B413C7F8-5E9D-4E10-A96C-075A0DD851BB}.Release|iPhone.Deploy.0 = Release|iPhone
		{B413C7F8-5E9D-4E10-A96C-075A0DD851BB}.Release|iPhoneSimulator.ActiveCfg = Release|iPhoneSimulator
		{B413C7F8-5E9D-4E10-A96C-075A0DD851BB}.Release|iPhoneSimulator.Build.0 = Release|iPhoneSimulator
		{B413C7F8-5E9D-4E10-A96C-075A0DD851BB}.Release|iPhoneSimulator.Deploy.0 = Release|iPhoneSimulator
		{B413C7F8-5E9D-4E10-A96C-075A0DD851BB}.Release|x64.ActiveCfg = Release|iPhoneSimulator
		{B413C7F8-5E9D-4E10-A96C-075A0DD851BB}.Release|x64.Build.0 = Release|iPhoneSimulator
		{B413C7F8-5E9D-4E10-A96C-075A0DD851BB}.Release|x64.Deploy.0 = Release|iPhoneSimulator
		{B413C7F8-5E9D-4E10-A96C-075A0DD851BB}.Release|x86.ActiveCfg = Release|iPhoneSimulator
		{B413C7F8-5E9D-4E10-A96C-075A0DD851BB}.Release|x86.Build.0 = Release|iPhoneSimulator
		{B413C7F8-5E9D-4E10-A96C-075A0DD851BB}.Release|x86.Deploy.0 = Release|iPhoneSimulator
		{BFCEEA13-7954-42D0-95FB-99B3AF3EF7DF}.Debug|Any CPU.ActiveCfg = Debug|Any CPU
		{BFCEEA13-7954-42D0-95FB-99B3AF3EF7DF}.Debug|Any CPU.Build.0 = Debug|Any CPU
		{BFCEEA13-7954-42D0-95FB-99B3AF3EF7DF}.Debug|Any CPU.Deploy.0 = Debug|Any CPU
		{BFCEEA13-7954-42D0-95FB-99B3AF3EF7DF}.Debug|ARM.ActiveCfg = Debug|Any CPU
		{BFCEEA13-7954-42D0-95FB-99B3AF3EF7DF}.Debug|ARM.Build.0 = Debug|Any CPU
		{BFCEEA13-7954-42D0-95FB-99B3AF3EF7DF}.Debug|ARM.Deploy.0 = Debug|Any CPU
		{BFCEEA13-7954-42D0-95FB-99B3AF3EF7DF}.Debug|iPhone.ActiveCfg = Debug|Any CPU
		{BFCEEA13-7954-42D0-95FB-99B3AF3EF7DF}.Debug|iPhone.Build.0 = Debug|Any CPU
		{BFCEEA13-7954-42D0-95FB-99B3AF3EF7DF}.Debug|iPhone.Deploy.0 = Debug|Any CPU
		{BFCEEA13-7954-42D0-95FB-99B3AF3EF7DF}.Debug|iPhoneSimulator.ActiveCfg = Debug|Any CPU
		{BFCEEA13-7954-42D0-95FB-99B3AF3EF7DF}.Debug|iPhoneSimulator.Build.0 = Debug|Any CPU
		{BFCEEA13-7954-42D0-95FB-99B3AF3EF7DF}.Debug|iPhoneSimulator.Deploy.0 = Debug|Any CPU
		{BFCEEA13-7954-42D0-95FB-99B3AF3EF7DF}.Debug|x64.ActiveCfg = Debug|Any CPU
		{BFCEEA13-7954-42D0-95FB-99B3AF3EF7DF}.Debug|x64.Build.0 = Debug|Any CPU
		{BFCEEA13-7954-42D0-95FB-99B3AF3EF7DF}.Debug|x64.Deploy.0 = Debug|Any CPU
		{BFCEEA13-7954-42D0-95FB-99B3AF3EF7DF}.Debug|x86.ActiveCfg = Debug|Any CPU
		{BFCEEA13-7954-42D0-95FB-99B3AF3EF7DF}.Debug|x86.Build.0 = Debug|Any CPU
		{BFCEEA13-7954-42D0-95FB-99B3AF3EF7DF}.Debug|x86.Deploy.0 = Debug|Any CPU
		{BFCEEA13-7954-42D0-95FB-99B3AF3EF7DF}.Release|Any CPU.ActiveCfg = Release|Any CPU
		{BFCEEA13-7954-42D0-95FB-99B3AF3EF7DF}.Release|Any CPU.Build.0 = Release|Any CPU
		{BFCEEA13-7954-42D0-95FB-99B3AF3EF7DF}.Release|Any CPU.Deploy.0 = Release|Any CPU
		{BFCEEA13-7954-42D0-95FB-99B3AF3EF7DF}.Release|ARM.ActiveCfg = Release|Any CPU
		{BFCEEA13-7954-42D0-95FB-99B3AF3EF7DF}.Release|ARM.Build.0 = Release|Any CPU
		{BFCEEA13-7954-42D0-95FB-99B3AF3EF7DF}.Release|ARM.Deploy.0 = Release|Any CPU
		{BFCEEA13-7954-42D0-95FB-99B3AF3EF7DF}.Release|iPhone.ActiveCfg = Release|Any CPU
		{BFCEEA13-7954-42D0-95FB-99B3AF3EF7DF}.Release|iPhone.Build.0 = Release|Any CPU
		{BFCEEA13-7954-42D0-95FB-99B3AF3EF7DF}.Release|iPhone.Deploy.0 = Release|Any CPU
		{BFCEEA13-7954-42D0-95FB-99B3AF3EF7DF}.Release|iPhoneSimulator.ActiveCfg = Release|Any CPU
		{BFCEEA13-7954-42D0-95FB-99B3AF3EF7DF}.Release|iPhoneSimulator.Build.0 = Release|Any CPU
		{BFCEEA13-7954-42D0-95FB-99B3AF3EF7DF}.Release|iPhoneSimulator.Deploy.0 = Release|Any CPU
		{BFCEEA13-7954-42D0-95FB-99B3AF3EF7DF}.Release|x64.ActiveCfg = Release|Any CPU
		{BFCEEA13-7954-42D0-95FB-99B3AF3EF7DF}.Release|x64.Build.0 = Release|Any CPU
		{BFCEEA13-7954-42D0-95FB-99B3AF3EF7DF}.Release|x64.Deploy.0 = Release|Any CPU
		{BFCEEA13-7954-42D0-95FB-99B3AF3EF7DF}.Release|x86.ActiveCfg = Release|Any CPU
		{BFCEEA13-7954-42D0-95FB-99B3AF3EF7DF}.Release|x86.Build.0 = Release|Any CPU
		{BFCEEA13-7954-42D0-95FB-99B3AF3EF7DF}.Release|x86.Deploy.0 = Release|Any CPU
	EndGlobalSection
	GlobalSection(SolutionProperties) = preSolution
		HideSolutionNode = FALSE
	EndGlobalSection
	GlobalSection(ExtensibilityGlobals) = postSolution
		SolutionGuid = {C5883864-9AA0-4CD0-BDF1-84B336A3149D}
	EndGlobalSection
EndGlobal
